// !$*UTF8*$!
{
	archiveVersion = 1;
	classes = {
	};
	objectVersion = 46;
	objects = {

/* Begin PBXBuildFile section */
		FE1FCD651A47CBF900C17291 /* AppDelegate.swift in Sources */ = {isa = PBXBuildFile; fileRef = FE1FCD641A47CBF900C17291 /* AppDelegate.swift */; };
		FE1FCD681A47CBF900C17291 /* Alpha.xcdatamodeld in Sources */ = {isa = PBXBuildFile; fileRef = FE1FCD661A47CBF900C17291 /* Alpha.xcdatamodeld */; };
		FE1FCD6A1A47CBF900C17291 /* MasterViewController.swift in Sources */ = {isa = PBXBuildFile; fileRef = FE1FCD691A47CBF900C17291 /* MasterViewController.swift */; };
		FE1FCD6C1A47CBF900C17291 /* DetailViewController.swift in Sources */ = {isa = PBXBuildFile; fileRef = FE1FCD6B1A47CBF900C17291 /* DetailViewController.swift */; };
		FE1FCD6F1A47CBF900C17291 /* Main.storyboard in Resources */ = {isa = PBXBuildFile; fileRef = FE1FCD6D1A47CBF900C17291 /* Main.storyboard */; };
		FE1FCD711A47CBF900C17291 /* Images.xcassets in Resources */ = {isa = PBXBuildFile; fileRef = FE1FCD701A47CBF900C17291 /* Images.xcassets */; };
		FE1FCD741A47CBF900C17291 /* LaunchScreen.xib in Resources */ = {isa = PBXBuildFile; fileRef = FE1FCD721A47CBF900C17291 /* LaunchScreen.xib */; };
		FE1FCD801A47CBF900C17291 /* AlphaTests.swift in Sources */ = {isa = PBXBuildFile; fileRef = FE1FCD7F1A47CBF900C17291 /* AlphaTests.swift */; };
/* End PBXBuildFile section */

/* Begin PBXContainerItemProxy section */
		FE1FCD7A1A47CBF900C17291 /* PBXContainerItemProxy */ = {
			isa = PBXContainerItemProxy;
			containerPortal = FE1FCD571A47CBF800C17291 /* Project object */;
			proxyType = 1;
			remoteGlobalIDString = FE1FCD5E1A47CBF900C17291;
			remoteInfo = Alpha;
		};
/* End PBXContainerItemProxy section */

/* Begin PBXFileReference section */
		FE1FCD5F1A47CBF900C17291 /* Alpha.app */ = {isa = PBXFileReference; explicitFileType = wrapper.application; includeInIndex = 0; path = Alpha.app; sourceTree = BUILT_PRODUCTS_DIR; };
		FE1FCD631A47CBF900C17291 /* Info.plist */ = {isa = PBXFileReference; lastKnownFileType = text.plist.xml; path = Info.plist; sourceTree = "<group>"; };
		FE1FCD641A47CBF900C17291 /* AppDelegate.swift */ = {isa = PBXFileReference; lastKnownFileType = sourcecode.swift; path = AppDelegate.swift; sourceTree = "<group>"; };
		FE1FCD671A47CBF900C17291 /* Alpha.xcdatamodel */ = {isa = PBXFileReference; lastKnownFileType = wrapper.xcdatamodel; path = Alpha.xcdatamodel; sourceTree = "<group>"; };
		FE1FCD691A47CBF900C17291 /* MasterViewController.swift */ = {isa = PBXFileReference; lastKnownFileType = sourcecode.swift; path = MasterViewController.swift; sourceTree = "<group>"; };
		FE1FCD6B1A47CBF900C17291 /* DetailViewController.swift */ = {isa = PBXFileReference; lastKnownFileType = sourcecode.swift; path = DetailViewController.swift; sourceTree = "<group>"; };
		FE1FCD6E1A47CBF900C17291 /* Base */ = {isa = PBXFileReference; lastKnownFileType = file.storyboard; name = Base; path = Base.lproj/Main.storyboard; sourceTree = "<group>"; };
		FE1FCD701A47CBF900C17291 /* Images.xcassets */ = {isa = PBXFileReference; lastKnownFileType = folder.assetcatalog; path = Images.xcassets; sourceTree = "<group>"; };
		FE1FCD731A47CBF900C17291 /* Base */ = {isa = PBXFileReference; lastKnownFileType = file.xib; name = Base; path = Base.lproj/LaunchScreen.xib; sourceTree = "<group>"; };
		FE1FCD791A47CBF900C17291 /* AlphaTests.xctest */ = {isa = PBXFileReference; explicitFileType = wrapper.cfbundle; includeInIndex = 0; path = AlphaTests.xctest; sourceTree = BUILT_PRODUCTS_DIR; };
		FE1FCD7E1A47CBF900C17291 /* Info.plist */ = {isa = PBXFileReference; lastKnownFileType = text.plist.xml; path = Info.plist; sourceTree = "<group>"; };
		FE1FCD7F1A47CBF900C17291 /* AlphaTests.swift */ = {isa = PBXFileReference; lastKnownFileType = sourcecode.swift; path = AlphaTests.swift; sourceTree = "<group>"; };
/* End PBXFileReference section */

/* Begin PBXFrameworksBuildPhase section */
		FE1FCD5C1A47CBF900C17291 /* Frameworks */ = {
			isa = PBXFrameworksBuildPhase;
			buildActionMask = 2147483647;
			files = (
			);
			runOnlyForDeploymentPostprocessing = 0;
		};
		FE1FCD761A47CBF900C17291 /* Frameworks */ = {
			isa = PBXFrameworksBuildPhase;
			buildActionMask = 2147483647;
			files = (
			);
			runOnlyForDeploymentPostprocessing = 0;
		};
/* End PBXFrameworksBuildPhase section */

/* Begin PBXGroup section */
		FE1FCD561A47CBF800C17291 = {
			isa = PBXGroup;
			children = (
				FE1FCD611A47CBF900C17291 /* Alpha */,
				FE1FCD7C1A47CBF900C17291 /* AlphaTests */,
				FE1FCD601A47CBF900C17291 /* Products */,
			);
			sourceTree = "<group>";
		};
		FE1FCD601A47CBF900C17291 /* Products */ = {
			isa = PBXGroup;
			children = (
				FE1FCD5F1A47CBF900C17291 /* Alpha.app */,
				FE1FCD791A47CBF900C17291 /* AlphaTests.xctest */,
			);
			name = Products;
			sourceTree = "<group>";
		};
		FE1FCD611A47CBF900C17291 /* Alpha */ = {
			isa = PBXGroup;
			children = (
				FE1FCD641A47CBF900C17291 /* AppDelegate.swift */,
				FE1FCD691A47CBF900C17291 /* MasterViewController.swift */,
				FE1FCD6B1A47CBF900C17291 /* DetailViewController.swift */,
				FE1FCD6D1A47CBF900C17291 /* Main.storyboard */,
				FE1FCD701A47CBF900C17291 /* Images.xcassets */,
				FE1FCD721A47CBF900C17291 /* LaunchScreen.xib */,
				FE1FCD661A47CBF900C17291 /* Alpha.xcdatamodeld */,
				FE1FCD621A47CBF900C17291 /* Supporting Files */,
			);
			path = Alpha;
			sourceTree = "<group>";
		};
		FE1FCD621A47CBF900C17291 /* Supporting Files */ = {
			isa = PBXGroup;
			children = (
				FE1FCD631A47CBF900C17291 /* Info.plist */,
			);
			name = "Supporting Files";
			sourceTree = "<group>";
		};
		FE1FCD7C1A47CBF900C17291 /* AlphaTests */ = {
			isa = PBXGroup;
			children = (
				FE1FCD7F1A47CBF900C17291 /* AlphaTests.swift */,
				FE1FCD7D1A47CBF900C17291 /* Supporting Files */,
			);
			path = AlphaTests;
			sourceTree = "<group>";
		};
		FE1FCD7D1A47CBF900C17291 /* Supporting Files */ = {
			isa = PBXGroup;
			children = (
				FE1FCD7E1A47CBF900C17291 /* Info.plist */,
			);
			name = "Supporting Files";
			sourceTree = "<group>";
		};
/* End PBXGroup section */

/* Begin PBXNativeTarget section */
		FE1FCD5E1A47CBF900C17291 /* Alpha */ = {
			isa = PBXNativeTarget;
			buildConfigurationList = FE1FCD831A47CBF900C17291 /* Build configuration list for PBXNativeTarget "Alpha" */;
			buildPhases = (
				FE1FCD5B1A47CBF900C17291 /* Sources */,
				FE1FCD5C1A47CBF900C17291 /* Frameworks */,
				FE1FCD5D1A47CBF900C17291 /* Resources */,
			);
			buildRules = (
			);
			dependencies = (
			);
			name = Alpha;
			productName = Alpha;
			productReference = FE1FCD5F1A47CBF900C17291 /* Alpha.app */;
			productType = "com.apple.product-type.application";
		};
		FE1FCD781A47CBF900C17291 /* AlphaTests */ = {
			isa = PBXNativeTarget;
			buildConfigurationList = FE1FCD861A47CBF900C17291 /* Build configuration list for PBXNativeTarget "AlphaTests" */;
			buildPhases = (
				FE1FCD751A47CBF900C17291 /* Sources */,
				FE1FCD761A47CBF900C17291 /* Frameworks */,
				FE1FCD771A47CBF900C17291 /* Resources */,
			);
			buildRules = (
			);
			dependencies = (
				FE1FCD7B1A47CBF900C17291 /* PBXTargetDependency */,
			);
			name = AlphaTests;
			productName = AlphaTests;
			productReference = FE1FCD791A47CBF900C17291 /* AlphaTests.xctest */;
			productType = "com.apple.product-type.bundle.unit-test";
		};
/* End PBXNativeTarget section */

/* Begin PBXProject section */
		FE1FCD571A47CBF800C17291 /* Project object */ = {
			isa = PBXProject;
			attributes = {
				LastUpgradeCheck = 0610;
				ORGANIZATIONNAME = "Andrew Wetherington";
				TargetAttributes = {
					FE1FCD5E1A47CBF900C17291 = {
						CreatedOnToolsVersion = 6.1;
					};
					FE1FCD781A47CBF900C17291 = {
						CreatedOnToolsVersion = 6.1;
						TestTargetID = FE1FCD5E1A47CBF900C17291;
					};
				};
			};
			buildConfigurationList = FE1FCD5A1A47CBF800C17291 /* Build configuration list for PBXProject "Alpha" */;
			compatibilityVersion = "Xcode 3.2";
			developmentRegion = English;
			hasScannedForEncodings = 0;
			knownRegions = (
				en,
				Base,
			);
			mainGroup = FE1FCD561A47CBF800C17291;
			productRefGroup = FE1FCD601A47CBF900C17291 /* Products */;
			projectDirPath = "";
			projectRoot = "";
			targets = (
				FE1FCD5E1A47CBF900C17291 /* Alpha */,
				FE1FCD781A47CBF900C17291 /* AlphaTests */,
			);
		};
/* End PBXProject section */

/* Begin PBXResourcesBuildPhase section */
		FE1FCD5D1A47CBF900C17291 /* Resources */ = {
			isa = PBXResourcesBuildPhase;
			buildActionMask = 2147483647;
			files = (
				FE1FCD6F1A47CBF900C17291 /* Main.storyboard in Resources */,
				FE1FCD741A47CBF900C17291 /* LaunchScreen.xib in Resources */,
				FE1FCD711A47CBF900C17291 /* Images.xcassets in Resources */,
			);
			runOnlyForDeploymentPostprocessing = 0;
		};
		FE1FCD771A47CBF900C17291 /* Resources */ = {
			isa = PBXResourcesBuildPhase;
			buildActionMask = 2147483647;
			files = (
			);
			runOnlyForDeploymentPostprocessing = 0;
		};
/* End PBXResourcesBuildPhase section */

/* Begin PBXSourcesBuildPhase section */
		FE1FCD5B1A47CBF900C17291 /* Sources */ = {
			isa = PBXSourcesBuildPhase;
			buildActionMask = 2147483647;
			files = (
				FE1FCD681A47CBF900C17291 /* Alpha.xcdatamodeld in Sources */,
				FE1FCD651A47CBF900C17291 /* AppDelegate.swift in Sources */,
				FE1FCD6A1A47CBF900C17291 /* MasterViewController.swift in Sources */,
				FE1FCD6C1A47CBF900C17291 /* DetailViewController.swift in Sources */,
			);
			runOnlyForDeploymentPostprocessing = 0;
		};
		FE1FCD751A47CBF900C17291 /* Sources */ = {
			isa = PBXSourcesBuildPhase;
			buildActionMask = 2147483647;
			files = (
				FE1FCD801A47CBF900C17291 /* AlphaTests.swift in Sources */,
			);
			runOnlyForDeploymentPostprocessing = 0;
		};
/* End PBXSourcesBuildPhase section */

/* Begin PBXTargetDependency section */
		FE1FCD7B1A47CBF900C17291 /* PBXTargetDependency */ = {
			isa = PBXTargetDependency;
			target = FE1FCD5E1A47CBF900C17291 /* Alpha */;
			targetProxy = FE1FCD7A1A47CBF900C17291 /* PBXContainerItemProxy */;
		};
/* End PBXTargetDependency section */

/* Begin PBXVariantGroup section */
		FE1FCD6D1A47CBF900C17291 /* Main.storyboard */ = {
			isa = PBXVariantGroup;
			children = (
				FE1FCD6E1A47CBF900C17291 /* Base */,
			);
			name = Main.storyboard;
			sourceTree = "<group>";
		};
		FE1FCD721A47CBF900C17291 /* LaunchScreen.xib */ = {
			isa = PBXVariantGroup;
			children = (
				FE1FCD731A47CBF900C17291 /* Base */,
			);
			name = LaunchScreen.xib;
			sourceTree = "<group>";
		};
/* End PBXVariantGroup section */

/* Begin XCBuildConfiguration section */
		FE1FCD811A47CBF900C17291 /* Debug */ = {
			isa = XCBuildConfiguration;
			buildSettings = {
				ALWAYS_SEARCH_USER_PATHS = NO;
				CLANG_CXX_LANGUAGE_STANDARD = "gnu++0x";
				CLANG_CXX_LIBRARY = "libc++";
				CLANG_ENABLE_MODULES = YES;
				CLANG_ENABLE_OBJC_ARC = YES;
				CLANG_WARN_BOOL_CONVERSION = YES;
				CLANG_WARN_CONSTANT_CONVERSION = YES;
				CLANG_WARN_DIRECT_OBJC_ISA_USAGE = YES_ERROR;
				CLANG_WARN_EMPTY_BODY = YES;
				CLANG_WARN_ENUM_CONVERSION = YES;
				CLANG_WARN_INT_CONVERSION = YES;
				CLANG_WARN_OBJC_ROOT_CLASS = YES_ERROR;
				CLANG_WARN_UNREACHABLE_CODE = YES;
				CLANG_WARN__DUPLICATE_METHOD_MATCH = YES;
				"CODE_SIGN_IDENTITY[sdk=iphoneos*]" = "iPhone Developer";
				COPY_PHASE_STRIP = NO;
				ENABLE_STRICT_OBJC_MSGSEND = YES;
				GCC_C_LANGUAGE_STANDARD = gnu99;
				GCC_DYNAMIC_NO_PIC = NO;
				GCC_OPTIMIZATION_LEVEL = 0;
				GCC_PREPROCESSOR_DEFINITIONS = (
					"DEBUG=1",
					"$(inherited)",
				);
				GCC_SYMBOLS_PRIVATE_EXTERN = NO;
				GCC_WARN_64_TO_32_BIT_CONVERSION = YES;
				GCC_WARN_ABOUT_RETURN_TYPE = YES_ERROR;
				GCC_WARN_UNDECLARED_SELECTOR = YES;
				GCC_WARN_UNINITIALIZED_AUTOS = YES_AGGRESSIVE;
				GCC_WARN_UNUSED_FUNCTION = YES;
				GCC_WARN_UNUSED_VARIABLE = YES;
				IPHONEOS_DEPLOYMENT_TARGET = 8.1;
				MTL_ENABLE_DEBUG_INFO = YES;
				ONLY_ACTIVE_ARCH = YES;
				SDKROOT = iphoneos;
				SWIFT_OPTIMIZATION_LEVEL = "-Onone";
				TARGETED_DEVICE_FAMILY = "1,2";
			};
			name = Debug;
		};
		FE1FCD821A47CBF900C17291 /* Release */ = {
			isa = XCBuildConfiguration;
			buildSettings = {
				ALWAYS_SEARCH_USER_PATHS = NO;
				CLANG_CXX_LANGUAGE_STANDARD = "gnu++0x";
				CLANG_CXX_LIBRARY = "libc++";
				CLANG_ENABLE_MODULES = YES;
				CLANG_ENABLE_OBJC_ARC = YES;
				CLANG_WARN_BOOL_CONVERSION = YES;
				CLANG_WARN_CONSTANT_CONVERSION = YES;
				CLANG_WARN_DIRECT_OBJC_ISA_USAGE = YES_ERROR;
				CLANG_WARN_EMPTY_BODY = YES;
				CLANG_WARN_ENUM_CONVERSION = YES;
				CLANG_WARN_INT_CONVERSION = YES;
				CLANG_WARN_OBJC_ROOT_CLASS = YES_ERROR;
				CLANG_WARN_UNREACHABLE_CODE = YES;
				CLANG_WARN__DUPLICATE_METHOD_MATCH = YES;
				"CODE_SIGN_IDENTITY[sdk=iphoneos*]" = "iPhone Developer";
				COPY_PHASE_STRIP = YES;
				ENABLE_NS_ASSERTIONS = NO;
				ENABLE_STRICT_OBJC_MSGSEND = YES;
				GCC_C_LANGUAGE_STANDARD = gnu99;
				GCC_WARN_64_TO_32_BIT_CONVERSION = YES;
				GCC_WARN_ABOUT_RETURN_TYPE = YES_ERROR;
				GCC_WARN_UNDECLARED_SELECTOR = YES;
				GCC_WARN_UNINITIALIZED_AUTOS = YES_AGGRESSIVE;
				GCC_WARN_UNUSED_FUNCTION = YES;
				GCC_WARN_UNUSED_VARIABLE = YES;
				IPHONEOS_DEPLOYMENT_TARGET = 8.1;
				MTL_ENABLE_DEBUG_INFO = NO;
				SDKROOT = iphoneos;
				TARGETED_DEVICE_FAMILY = "1,2";
				VALIDATE_PRODUCT = YES;
			};
			name = Release;
		};
		FE1FCD841A47CBF900C17291 /* Debug */ = {
			isa = XCBuildConfiguration;
			buildSettings = {
				ASSETCATALOG_COMPILER_APPICON_NAME = AppIcon;
				INFOPLIST_FILE = Alpha/Info.plist;
				LD_RUNPATH_SEARCH_PATHS = "$(inherited) @executable_path/Frameworks";
				PRODUCT_NAME = "$(TARGET_NAME)";
			};
			name = Debug;
		};
		FE1FCD851A47CBF900C17291 /* Release */ = {
			isa = XCBuildConfiguration;
			buildSettings = {
				ASSETCATALOG_COMPILER_APPICON_NAME = AppIcon;
				INFOPLIST_FILE = Alpha/Info.plist;
				LD_RUNPATH_SEARCH_PATHS = "$(inherited) @executable_path/Frameworks";
				PRODUCT_NAME = "$(TARGET_NAME)";
			};
			name = Release;
		};
		FE1FCD871A47CBF900C17291 /* Debug */ = {
			isa = XCBuildConfiguration;
			buildSettings = {
				BUNDLE_LOADER = "$(TEST_HOST)";
				FRAMEWORK_SEARCH_PATHS = (
					"$(SDKROOT)/Developer/Library/Frameworks",
					"$(inherited)",
				);
				GCC_PREPROCESSOR_DEFINITIONS = (
					"DEBUG=1",
					"$(inherited)",
				);
				INFOPLIST_FILE = AlphaTests/Info.plist;
				LD_RUNPATH_SEARCH_PATHS = "$(inherited) @executable_path/Frameworks @loader_path/Frameworks";
				PRODUCT_NAME = "$(TARGET_NAME)";
				TEST_HOST = "$(BUILT_PRODUCTS_DIR)/Alpha.app/Alpha";
			};
			name = Debug;
		};
		FE1FCD881A47CBF900C17291 /* Release */ = {
			isa = XCBuildConfiguration;
			buildSettings = {
				BUNDLE_LOADER = "$(TEST_HOST)";
				FRAMEWORK_SEARCH_PATHS = (
					"$(SDKROOT)/Developer/Library/Frameworks",
					"$(inherited)",
				);
				INFOPLIST_FILE = AlphaTests/Info.plist;
				LD_RUNPATH_SEARCH_PATHS = "$(inherited) @executable_path/Frameworks @loader_path/Frameworks";
				PRODUCT_NAME = "$(TARGET_NAME)";
				TEST_HOST = "$(BUILT_PRODUCTS_DIR)/Alpha.app/Alpha";
			};
			name = Release;
		};
/* End XCBuildConfiguration section */

/* Begin XCConfigurationList section */
		FE1FCD5A1A47CBF800C17291 /* Build configuration list for PBXProject "Alpha" */ = {
			isa = XCConfigurationList;
			buildConfigurations = (
				FE1FCD811A47CBF900C17291 /* Debug */,
				FE1FCD821A47CBF900C17291 /* Release */,
			);
			defaultConfigurationIsVisible = 0;
			defaultConfigurationName = Release;
		};
		FE1FCD831A47CBF900C17291 /* Build configuration list for PBXNativeTarget "Alpha" */ = {
			isa = XCConfigurationList;
			buildConfigurations = (
				FE1FCD841A47CBF900C17291 /* Debug */,
				FE1FCD851A47CBF900C17291 /* Release */,
			);
			defaultConfigurationIsVisible = 0;
		};
		FE1FCD861A47CBF900C17291 /* Build configuration list for PBXNativeTarget "AlphaTests" */ = {
			isa = XCConfigurationList;
			buildConfigurations = (
				FE1FCD871A47CBF900C17291 /* Debug */,
				FE1FCD881A47CBF900C17291 /* Release */,
			);
			defaultConfigurationIsVisible = 0;
		};
/* End XCConfigurationList section */

/* Begin XCVersionGroup section */
		FE1FCD661A47CBF900C17291 /* Alpha.xcdatamodeld */ = {
			isa = XCVersionGroup;
			children = (
				FE1FCD671A47CBF900C17291 /* Alpha.xcdatamodel */,
			);
			currentVersion = FE1FCD671A47CBF900C17291 /* Alpha.xcdatamodel */;
			path = Alpha.xcdatamodeld;
			sourceTree = "<group>";
			versionGroupType = wrapper.xcdatamodel;
		};
/* End XCVersionGroup section */
	};
	rootObject = FE1FCD571A47CBF800C17291 /* Project object */;
}
