// !$*UTF8*$!
{
	archiveVersion = 1;
	classes = {
	};
	objectVersion = 46;
	objects = {

/* Begin PBXBuildFile section */
		FE1FCDCB1A47D32300C17291 /* AppDelegate.swift in Sources */ = {isa = PBXBuildFile; fileRef = FE1FCDCA1A47D32300C17291 /* AppDelegate.swift */; };
		FE1FCDCE1A47D32300C17291 /* Gamma.xcdatamodeld in Sources */ = {isa = PBXBuildFile; fileRef = FE1FCDCC1A47D32300C17291 /* Gamma.xcdatamodeld */; };
		FE1FCDD31A47D32300C17291 /* Main.storyboard in Resources */ = {isa = PBXBuildFile; fileRef = FE1FCDD11A47D32300C17291 /* Main.storyboard */; };
		FE1FCDD51A47D32300C17291 /* Images.xcassets in Resources */ = {isa = PBXBuildFile; fileRef = FE1FCDD41A47D32300C17291 /* Images.xcassets */; };
		FE1FCDD81A47D32300C17291 /* LaunchScreen.xib in Resources */ = {isa = PBXBuildFile; fileRef = FE1FCDD61A47D32300C17291 /* LaunchScreen.xib */; };
		FE1FCDE41A47D32300C17291 /* GammaTests.swift in Sources */ = {isa = PBXBuildFile; fileRef = FE1FCDE31A47D32300C17291 /* GammaTests.swift */; };
/* End PBXBuildFile section */

/* Begin PBXContainerItemProxy section */
		FE1FCDDE1A47D32300C17291 /* PBXContainerItemProxy */ = {
			isa = PBXContainerItemProxy;
			containerPortal = FE1FCDBD1A47D32300C17291 /* Project object */;
			proxyType = 1;
			remoteGlobalIDString = FE1FCDC41A47D32300C17291;
			remoteInfo = Gamma;
		};
/* End PBXContainerItemProxy section */

/* Begin PBXFileReference section */
		FE1FCDC51A47D32300C17291 /* Gamma.app */ = {isa = PBXFileReference; explicitFileType = wrapper.application; includeInIndex = 0; path = Gamma.app; sourceTree = BUILT_PRODUCTS_DIR; };
		FE1FCDC91A47D32300C17291 /* Info.plist */ = {isa = PBXFileReference; lastKnownFileType = text.plist.xml; path = Info.plist; sourceTree = "<group>"; };
		FE1FCDCA1A47D32300C17291 /* AppDelegate.swift */ = {isa = PBXFileReference; lastKnownFileType = sourcecode.swift; path = AppDelegate.swift; sourceTree = "<group>"; };
		FE1FCDCD1A47D32300C17291 /* Gamma.xcdatamodel */ = {isa = PBXFileReference; lastKnownFileType = wrapper.xcdatamodel; path = Gamma.xcdatamodel; sourceTree = "<group>"; };
		FE1FCDD21A47D32300C17291 /* Base */ = {isa = PBXFileReference; lastKnownFileType = file.storyboard; name = Base; path = Base.lproj/Main.storyboard; sourceTree = "<group>"; };
		FE1FCDD41A47D32300C17291 /* Images.xcassets */ = {isa = PBXFileReference; lastKnownFileType = folder.assetcatalog; path = Images.xcassets; sourceTree = "<group>"; };
		FE1FCDD71A47D32300C17291 /* Base */ = {isa = PBXFileReference; lastKnownFileType = file.xib; name = Base; path = Base.lproj/LaunchScreen.xib; sourceTree = "<group>"; };
		FE1FCDDD1A47D32300C17291 /* GammaTests.xctest */ = {isa = PBXFileReference; explicitFileType = wrapper.cfbundle; includeInIndex = 0; path = GammaTests.xctest; sourceTree = BUILT_PRODUCTS_DIR; };
		FE1FCDE21A47D32300C17291 /* Info.plist */ = {isa = PBXFileReference; lastKnownFileType = text.plist.xml; path = Info.plist; sourceTree = "<group>"; };
		FE1FCDE31A47D32300C17291 /* GammaTests.swift */ = {isa = PBXFileReference; lastKnownFileType = sourcecode.swift; path = GammaTests.swift; sourceTree = "<group>"; };
/* End PBXFileReference section */

/* Begin PBXFrameworksBuildPhase section */
		FE1FCDC21A47D32300C17291 /* Frameworks */ = {
			isa = PBXFrameworksBuildPhase;
			buildActionMask = 2147483647;
			files = (
			);
			runOnlyForDeploymentPostprocessing = 0;
		};
		FE1FCDDA1A47D32300C17291 /* Frameworks */ = {
			isa = PBXFrameworksBuildPhase;
			buildActionMask = 2147483647;
			files = (
			);
			runOnlyForDeploymentPostprocessing = 0;
		};
/* End PBXFrameworksBuildPhase section */

/* Begin PBXGroup section */
		FE1FCDBC1A47D32300C17291 = {
			isa = PBXGroup;
			children = (
				FE1FCDC71A47D32300C17291 /* Gamma */,
				FE1FCDE01A47D32300C17291 /* GammaTests */,
				FE1FCDC61A47D32300C17291 /* Products */,
			);
			sourceTree = "<group>";
		};
		FE1FCDC61A47D32300C17291 /* Products */ = {
			isa = PBXGroup;
			children = (
				FE1FCDC51A47D32300C17291 /* Gamma.app */,
				FE1FCDDD1A47D32300C17291 /* GammaTests.xctest */,
			);
			name = Products;
			sourceTree = "<group>";
		};
		FE1FCDC71A47D32300C17291 /* Gamma */ = {
			isa = PBXGroup;
			children = (
				FE1FCDCA1A47D32300C17291 /* AppDelegate.swift */,
				FE1FCDD11A47D32300C17291 /* Main.storyboard */,
				FE1FCDD41A47D32300C17291 /* Images.xcassets */,
				FE1FCDD61A47D32300C17291 /* LaunchScreen.xib */,
				FE1FCDCC1A47D32300C17291 /* Gamma.xcdatamodeld */,
				FE1FCDC81A47D32300C17291 /* Supporting Files */,
			);
			path = Gamma;
			sourceTree = "<group>";
		};
		FE1FCDC81A47D32300C17291 /* Supporting Files */ = {
			isa = PBXGroup;
			children = (
				FE1FCDC91A47D32300C17291 /* Info.plist */,
			);
			name = "Supporting Files";
			sourceTree = "<group>";
		};
		FE1FCDE01A47D32300C17291 /* GammaTests */ = {
			isa = PBXGroup;
			children = (
				FE1FCDE31A47D32300C17291 /* GammaTests.swift */,
				FE1FCDE11A47D32300C17291 /* Supporting Files */,
			);
			path = GammaTests;
			sourceTree = "<group>";
		};
		FE1FCDE11A47D32300C17291 /* Supporting Files */ = {
			isa = PBXGroup;
			children = (
				FE1FCDE21A47D32300C17291 /* Info.plist */,
			);
			name = "Supporting Files";
			sourceTree = "<group>";
		};
/* End PBXGroup section */

/* Begin PBXNativeTarget section */
		FE1FCDC41A47D32300C17291 /* Gamma */ = {
			isa = PBXNativeTarget;
			buildConfigurationList = FE1FCDE71A47D32300C17291 /* Build configuration list for PBXNativeTarget "Gamma" */;
			buildPhases = (
				FE1FCDC11A47D32300C17291 /* Sources */,
				FE1FCDC21A47D32300C17291 /* Frameworks */,
				FE1FCDC31A47D32300C17291 /* Resources */,
			);
			buildRules = (
			);
			dependencies = (
			);
			name = Gamma;
			productName = Gamma;
			productReference = FE1FCDC51A47D32300C17291 /* Gamma.app */;
			productType = "com.apple.product-type.application";
		};
		FE1FCDDC1A47D32300C17291 /* GammaTests */ = {
			isa = PBXNativeTarget;
			buildConfigurationList = FE1FCDEA1A47D32300C17291 /* Build configuration list for PBXNativeTarget "GammaTests" */;
			buildPhases = (
				FE1FCDD91A47D32300C17291 /* Sources */,
				FE1FCDDA1A47D32300C17291 /* Frameworks */,
				FE1FCDDB1A47D32300C17291 /* Resources */,
			);
			buildRules = (
			);
			dependencies = (
				FE1FCDDF1A47D32300C17291 /* PBXTargetDependency */,
			);
			name = GammaTests;
			productName = GammaTests;
			productReference = FE1FCDDD1A47D32300C17291 /* GammaTests.xctest */;
			productType = "com.apple.product-type.bundle.unit-test";
		};
/* End PBXNativeTarget section */

/* Begin PBXProject section */
		FE1FCDBD1A47D32300C17291 /* Project object */ = {
			isa = PBXProject;
			attributes = {
				LastUpgradeCheck = 0610;
				ORGANIZATIONNAME = "Andrew Wetherington";
				TargetAttributes = {
					FE1FCDC41A47D32300C17291 = {
						CreatedOnToolsVersion = 6.1;
					};
					FE1FCDDC1A47D32300C17291 = {
						CreatedOnToolsVersion = 6.1;
						TestTargetID = FE1FCDC41A47D32300C17291;
					};
				};
			};
			buildConfigurationList = FE1FCDC01A47D32300C17291 /* Build configuration list for PBXProject "Gamma" */;
			compatibilityVersion = "Xcode 3.2";
			developmentRegion = English;
			hasScannedForEncodings = 0;
			knownRegions = (
				en,
				Base,
			);
			mainGroup = FE1FCDBC1A47D32300C17291;
			productRefGroup = FE1FCDC61A47D32300C17291 /* Products */;
			projectDirPath = "";
			projectRoot = "";
			targets = (
				FE1FCDC41A47D32300C17291 /* Gamma */,
				FE1FCDDC1A47D32300C17291 /* GammaTests */,
			);
		};
/* End PBXProject section */

/* Begin PBXResourcesBuildPhase section */
		FE1FCDC31A47D32300C17291 /* Resources */ = {
			isa = PBXResourcesBuildPhase;
			buildActionMask = 2147483647;
			files = (
				FE1FCDD31A47D32300C17291 /* Main.storyboard in Resources */,
				FE1FCDD81A47D32300C17291 /* LaunchScreen.xib in Resources */,
				FE1FCDD51A47D32300C17291 /* Images.xcassets in Resources */,
			);
			runOnlyForDeploymentPostprocessing = 0;
		};
		FE1FCDDB1A47D32300C17291 /* Resources */ = {
			isa = PBXResourcesBuildPhase;
			buildActionMask = 2147483647;
			files = (
			);
			runOnlyForDeploymentPostprocessing = 0;
		};
/* End PBXResourcesBuildPhase section */

/* Begin PBXSourcesBuildPhase section */
		FE1FCDC11A47D32300C17291 /* Sources */ = {
			isa = PBXSourcesBuildPhase;
			buildActionMask = 2147483647;
			files = (
				FE1FCDCB1A47D32300C17291 /* AppDelegate.swift in Sources */,
				FE1FCDCE1A47D32300C17291 /* Gamma.xcdatamodeld in Sources */,
			);
			runOnlyForDeploymentPostprocessing = 0;
		};
		FE1FCDD91A47D32300C17291 /* Sources */ = {
			isa = PBXSourcesBuildPhase;
			buildActionMask = 2147483647;
			files = (
				FE1FCDE41A47D32300C17291 /* GammaTests.swift in Sources */,
			);
			runOnlyForDeploymentPostprocessing = 0;
		};
/* End PBXSourcesBuildPhase section */

/* Begin PBXTargetDependency section */
		FE1FCDDF1A47D32300C17291 /* PBXTargetDependency */ = {
			isa = PBXTargetDependency;
			target = FE1FCDC41A47D32300C17291 /* Gamma */;
			targetProxy = FE1FCDDE1A47D32300C17291 /* PBXContainerItemProxy */;
		};
/* End PBXTargetDependency section */

/* Begin PBXVariantGroup section */
		FE1FCDD11A47D32300C17291 /* Main.storyboard */ = {
			isa = PBXVariantGroup;
			children = (
				FE1FCDD21A47D32300C17291 /* Base */,
			);
			name = Main.storyboard;
			sourceTree = "<group>";
		};
		FE1FCDD61A47D32300C17291 /* LaunchScreen.xib */ = {
			isa = PBXVariantGroup;
			children = (
				FE1FCDD71A47D32300C17291 /* Base */,
			);
			name = LaunchScreen.xib;
			sourceTree = "<group>";
		};
/* End PBXVariantGroup section */

/* Begin XCBuildConfiguration section */
		FE1FCDE51A47D32300C17291 /* Debug */ = {
			isa = XCBuildConfiguration;
			buildSettings = {
				ALWAYS_SEARCH_USER_PATHS = NO;
				CLANG_CXX_LANGUAGE_STANDARD = "gnu++0x";
				CLANG_CXX_LIBRARY = "libc++";
				CLANG_ENABLE_MODULES = YES;
				CLANG_ENABLE_OBJC_ARC = YES;
				CLANG_WARN_BOOL_CONVERSION = YES;
				CLANG_WARN_CONSTANT_CONVERSION = YES;
				CLANG_WARN_DIRECT_OBJC_ISA_USAGE = YES_ERROR;
				CLANG_WARN_EMPTY_BODY = YES;
				CLANG_WARN_ENUM_CONVERSION = YES;
				CLANG_WARN_INT_CONVERSION = YES;
				CLANG_WARN_OBJC_ROOT_CLASS = YES_ERROR;
				CLANG_WARN_UNREACHABLE_CODE = YES;
				CLANG_WARN__DUPLICATE_METHOD_MATCH = YES;
				"CODE_SIGN_IDENTITY[sdk=iphoneos*]" = "iPhone Developer";
				COPY_PHASE_STRIP = NO;
				ENABLE_STRICT_OBJC_MSGSEND = YES;
				GCC_C_LANGUAGE_STANDARD = gnu99;
				GCC_DYNAMIC_NO_PIC = NO;
				GCC_OPTIMIZATION_LEVEL = 0;
				GCC_PREPROCESSOR_DEFINITIONS = (
					"DEBUG=1",
					"$(inherited)",
				);
				GCC_SYMBOLS_PRIVATE_EXTERN = NO;
				GCC_WARN_64_TO_32_BIT_CONVERSION = YES;
				GCC_WARN_ABOUT_RETURN_TYPE = YES_ERROR;
				GCC_WARN_UNDECLARED_SELECTOR = YES;
				GCC_WARN_UNINITIALIZED_AUTOS = YES_AGGRESSIVE;
				GCC_WARN_UNUSED_FUNCTION = YES;
				GCC_WARN_UNUSED_VARIABLE = YES;
				IPHONEOS_DEPLOYMENT_TARGET = 8.1;
				MTL_ENABLE_DEBUG_INFO = YES;
				ONLY_ACTIVE_ARCH = YES;
				SDKROOT = iphoneos;
				SWIFT_OPTIMIZATION_LEVEL = "-Onone";
				TARGETED_DEVICE_FAMILY = "1,2";
			};
			name = Debug;
		};
		FE1FCDE61A47D32300C17291 /* Release */ = {
			isa = XCBuildConfiguration;
			buildSettings = {
				ALWAYS_SEARCH_USER_PATHS = NO;
				CLANG_CXX_LANGUAGE_STANDARD = "gnu++0x";
				CLANG_CXX_LIBRARY = "libc++";
				CLANG_ENABLE_MODULES = YES;
				CLANG_ENABLE_OBJC_ARC = YES;
				CLANG_WARN_BOOL_CONVERSION = YES;
				CLANG_WARN_CONSTANT_CONVERSION = YES;
				CLANG_WARN_DIRECT_OBJC_ISA_USAGE = YES_ERROR;
				CLANG_WARN_EMPTY_BODY = YES;
				CLANG_WARN_ENUM_CONVERSION = YES;
				CLANG_WARN_INT_CONVERSION = YES;
				CLANG_WARN_OBJC_ROOT_CLASS = YES_ERROR;
				CLANG_WARN_UNREACHABLE_CODE = YES;
				CLANG_WARN__DUPLICATE_METHOD_MATCH = YES;
				"CODE_SIGN_IDENTITY[sdk=iphoneos*]" = "iPhone Developer";
				COPY_PHASE_STRIP = YES;
				ENABLE_NS_ASSERTIONS = NO;
				ENABLE_STRICT_OBJC_MSGSEND = YES;
				GCC_C_LANGUAGE_STANDARD = gnu99;
				GCC_WARN_64_TO_32_BIT_CONVERSION = YES;
				GCC_WARN_ABOUT_RETURN_TYPE = YES_ERROR;
				GCC_WARN_UNDECLARED_SELECTOR = YES;
				GCC_WARN_UNINITIALIZED_AUTOS = YES_AGGRESSIVE;
				GCC_WARN_UNUSED_FUNCTION = YES;
				GCC_WARN_UNUSED_VARIABLE = YES;
				IPHONEOS_DEPLOYMENT_TARGET = 8.1;
				MTL_ENABLE_DEBUG_INFO = NO;
				SDKROOT = iphoneos;
				TARGETED_DEVICE_FAMILY = "1,2";
				VALIDATE_PRODUCT = YES;
			};
			name = Release;
		};
		FE1FCDE81A47D32300C17291 /* Debug */ = {
			isa = XCBuildConfiguration;
			buildSettings = {
				ASSETCATALOG_COMPILER_APPICON_NAME = AppIcon;
				INFOPLIST_FILE = Gamma/Info.plist;
				LD_RUNPATH_SEARCH_PATHS = "$(inherited) @executable_path/Frameworks";
				PRODUCT_NAME = "$(TARGET_NAME)";
			};
			name = Debug;
		};
		FE1FCDE91A47D32300C17291 /* Release */ = {
			isa = XCBuildConfiguration;
			buildSettings = {
				ASSETCATALOG_COMPILER_APPICON_NAME = AppIcon;
				INFOPLIST_FILE = Gamma/Info.plist;
				LD_RUNPATH_SEARCH_PATHS = "$(inherited) @executable_path/Frameworks";
				PRODUCT_NAME = "$(TARGET_NAME)";
			};
			name = Release;
		};
		FE1FCDEB1A47D32300C17291 /* Debug */ = {
			isa = XCBuildConfiguration;
			buildSettings = {
				BUNDLE_LOADER = "$(TEST_HOST)";
				FRAMEWORK_SEARCH_PATHS = (
					"$(SDKROOT)/Developer/Library/Frameworks",
					"$(inherited)",
				);
				GCC_PREPROCESSOR_DEFINITIONS = (
					"DEBUG=1",
					"$(inherited)",
				);
				INFOPLIST_FILE = GammaTests/Info.plist;
				LD_RUNPATH_SEARCH_PATHS = "$(inherited) @executable_path/Frameworks @loader_path/Frameworks";
				PRODUCT_NAME = "$(TARGET_NAME)";
				TEST_HOST = "$(BUILT_PRODUCTS_DIR)/Gamma.app/Gamma";
			};
			name = Debug;
		};
		FE1FCDEC1A47D32300C17291 /* Release */ = {
			isa = XCBuildConfiguration;
			buildSettings = {
				BUNDLE_LOADER = "$(TEST_HOST)";
				FRAMEWORK_SEARCH_PATHS = (
					"$(SDKROOT)/Developer/Library/Frameworks",
					"$(inherited)",
				);
				INFOPLIST_FILE = GammaTests/Info.plist;
				LD_RUNPATH_SEARCH_PATHS = "$(inherited) @executable_path/Frameworks @loader_path/Frameworks";
				PRODUCT_NAME = "$(TARGET_NAME)";
				TEST_HOST = "$(BUILT_PRODUCTS_DIR)/Gamma.app/Gamma";
			};
			name = Release;
		};
/* End XCBuildConfiguration section */

/* Begin XCConfigurationList section */
		FE1FCDC01A47D32300C17291 /* Build configuration list for PBXProject "Gamma" */ = {
			isa = XCConfigurationList;
			buildConfigurations = (
				FE1FCDE51A47D32300C17291 /* Debug */,
				FE1FCDE61A47D32300C17291 /* Release */,
			);
			defaultConfigurationIsVisible = 0;
			defaultConfigurationName = Release;
		};
		FE1FCDE71A47D32300C17291 /* Build configuration list for PBXNativeTarget "Gamma" */ = {
			isa = XCConfigurationList;
			buildConfigurations = (
				FE1FCDE81A47D32300C17291 /* Debug */,
				FE1FCDE91A47D32300C17291 /* Release */,
			);
			defaultConfigurationIsVisible = 0;
		};
		FE1FCDEA1A47D32300C17291 /* Build configuration list for PBXNativeTarget "GammaTests" */ = {
			isa = XCConfigurationList;
			buildConfigurations = (
				FE1FCDEB1A47D32300C17291 /* Debug */,
				FE1FCDEC1A47D32300C17291 /* Release */,
			);
			defaultConfigurationIsVisible = 0;
		};
/* End XCConfigurationList section */

/* Begin XCVersionGroup section */
		FE1FCDCC1A47D32300C17291 /* Gamma.xcdatamodeld */ = {
			isa = XCVersionGroup;
			children = (
				FE1FCDCD1A47D32300C17291 /* Gamma.xcdatamodel */,
			);
			currentVersion = FE1FCDCD1A47D32300C17291 /* Gamma.xcdatamodel */;
			path = Gamma.xcdatamodeld;
			sourceTree = "<group>";
			versionGroupType = wrapper.xcdatamodel;
		};
/* End XCVersionGroup section */
	};
	rootObject = FE1FCDBD1A47D32300C17291 /* Project object */;
}
